# THIS IS AN AUTOGENERATED FILE. DO NOT EDIT THIS FILE DIRECTLY.
# yarn lockfile v1


stimulus-reveal-controller@^4.0.0:
  version "4.0.0"
  resolved "https://registry.yarnpkg.com/stimulus-reveal-controller/-/stimulus-reveal-controller-4.0.0.tgz#61579baf536d0015e618be1a54bc6aa6cb0d0e22"
  integrity sha512-LyzASoA5tl3yid+yzzZ3dF+560dGffma+c6ph+Eq3ylG4gn9SK/SPMbajRrFsPDpiFuAa49K3dlHTW6nMg9aFg==
